
Microsoft Visual Studio Solution File, Format Version 12.00
# Visual Studio Version 17
VisualStudioVersion = 17.6.33829.357
MinimumVisualStudioVersion = 10.0.40219.1
Project("{FAE04EC0-301F-11D3-BF4B-00C04F79EFBC}") = "nhom.10", "nhom.10\nhom.10.csproj", "{AAF354FF-74F4-4C32-B07D-E9BE58ABDB10}"
EndProject
Global
	GlobalSection(SolutionConfigurationPlatforms) = preSolution
		Debug|Any CPU = Debug|Any CPU
		Release|Any CPU = Release|Any CPU
	EndGlobalSection
	GlobalSection(ProjectConfigurationPlatforms) = postSolution
		{AAF354FF-74F4-4C32-B07D-E9BE58ABDB10}.Debug|Any CPU.ActiveCfg = Debug|Any CPU
		{AAF354FF-74F4-4C32-B07D-E9BE58ABDB10}.Debug|Any CPU.Build.0 = Debug|Any CPU
		{AAF354FF-74F4-4C32-B07D-E9BE58ABDB10}.Release|Any CPU.ActiveCfg = Release|Any CPU
		{AAF354FF-74F4-4C32-B07D-E9BE58ABDB10}.Release|Any CPU.Build.0 = Release|Any CPU
	EndGlobalSection
	GlobalSection(SolutionProperties) = preSolution
		HideSolutionNode = FALSE
	EndGlobalSection
	GlobalSection(ExtensibilityGlobals) = postSolution
		SolutionGuid = {54C7F3E6-F1D1-433E-9196-C0EE7D1A61F6}
	EndGlobalSection
EndGlobal
